// !$*UTF8*$!
{
	archiveVersion = 1;
	classes = {
	};
	objectVersion = 50;
	objects = {

/* Begin PBXBuildFile section */
		D4119C4A2244CCA7005909B2 /* main.swift in Sources */ = {isa = PBXBuildFile; fileRef = D4119C492244CCA7005909B2 /* main.swift */; };
		D4119C512244CCF2005909B2 /* Arguments.swift in Sources */ = {isa = PBXBuildFile; fileRef = D4119C502244CCF2005909B2 /* Arguments.swift */; };
		D4119C542244CD55005909B2 /* ArrayElementAfterExtension.swift in Sources */ = {isa = PBXBuildFile; fileRef = D4119C532244CD55005909B2 /* ArrayElementAfterExtension.swift */; };
		D4119C562244CD97005909B2 /* CLI.swift in Sources */ = {isa = PBXBuildFile; fileRef = D4119C552244CD97005909B2 /* CLI.swift */; };
		D4119C6F2244CF12005909B2 /* main.swift in Sources */ = {isa = PBXBuildFile; fileRef = D4119C492244CCA7005909B2 /* main.swift */; };
		D4119C702244CF15005909B2 /* CLI.swift in Sources */ = {isa = PBXBuildFile; fileRef = D4119C552244CD97005909B2 /* CLI.swift */; };
		D4119C712244CF17005909B2 /* Arguments.swift in Sources */ = {isa = PBXBuildFile; fileRef = D4119C502244CCF2005909B2 /* Arguments.swift */; };
		D4119C722244CF1A005909B2 /* ArrayElementAfterExtension.swift in Sources */ = {isa = PBXBuildFile; fileRef = D4119C532244CD55005909B2 /* ArrayElementAfterExtension.swift */; };
		D4119C7822452F33005909B2 /* Hash.swift in Sources */ = {isa = PBXBuildFile; fileRef = D4119C7722452F33005909B2 /* Hash.swift */; };
		D4119C7922452F33005909B2 /* Hash.swift in Sources */ = {isa = PBXBuildFile; fileRef = D4119C7722452F33005909B2 /* Hash.swift */; };
		D4119C7B22452F63005909B2 /* NSDataHexString.swift in Sources */ = {isa = PBXBuildFile; fileRef = D4119C7A22452F63005909B2 /* NSDataHexString.swift */; };
		D4119C7C22452F63005909B2 /* NSDataHexString.swift in Sources */ = {isa = PBXBuildFile; fileRef = D4119C7A22452F63005909B2 /* NSDataHexString.swift */; };
		D4BEE1FC241E573E002D85DC /* HashTests.swift in Sources */ = {isa = PBXBuildFile; fileRef = D4BEE1FB241E573E002D85DC /* HashTests.swift */; };
		D4BEE1FE241E57D4002D85DC /* text-document.pdf in Resources */ = {isa = PBXBuildFile; fileRef = D4BEE1FD241E57D4002D85DC /* text-document.pdf */; };
		D4BEE200241E57F3002D85DC /* text-markdown-document.md in Resources */ = {isa = PBXBuildFile; fileRef = D4BEE1FF241E57F3002D85DC /* text-markdown-document.md */; };
		D4BEE202241E5A5D002D85DC /* empty.txt in Resources */ = {isa = PBXBuildFile; fileRef = D4BEE201241E5A5D002D85DC /* empty.txt */; };
		D4BEE204241E6203002D85DC /* ArgumentsTests.swift in Sources */ = {isa = PBXBuildFile; fileRef = D4BEE203241E6203002D85DC /* ArgumentsTests.swift */; };
		D4BEE206241E62EF002D85DC /* ArrayElementAfterTests.swift in Sources */ = {isa = PBXBuildFile; fileRef = D4BEE205241E62EF002D85DC /* ArrayElementAfterTests.swift */; };
/* End PBXBuildFile section */

/* Begin PBXCopyFilesBuildPhase section */
		D4119C442244CCA7005909B2 /* CopyFiles */ = {
			isa = PBXCopyFilesBuildPhase;
			buildActionMask = 2147483647;
			dstPath = /usr/share/man/man1/;
			dstSubfolderSpec = 0;
			files = (
			);
			runOnlyForDeploymentPostprocessing = 1;
		};
/* End PBXCopyFilesBuildPhase section */

/* Begin PBXFileReference section */
		D4119C462244CCA7005909B2 /* FindSha */ = {isa = PBXFileReference; explicitFileType = "compiled.mach-o.executable"; includeInIndex = 0; path = FindSha; sourceTree = BUILT_PRODUCTS_DIR; };
		D4119C492244CCA7005909B2 /* main.swift */ = {isa = PBXFileReference; lastKnownFileType = sourcecode.swift; path = main.swift; sourceTree = "<group>"; };
		D4119C502244CCF2005909B2 /* Arguments.swift */ = {isa = PBXFileReference; lastKnownFileType = sourcecode.swift; path = Arguments.swift; sourceTree = "<group>"; };
		D4119C532244CD55005909B2 /* ArrayElementAfterExtension.swift */ = {isa = PBXFileReference; lastKnownFileType = sourcecode.swift; path = ArrayElementAfterExtension.swift; sourceTree = "<group>"; };
		D4119C552244CD97005909B2 /* CLI.swift */ = {isa = PBXFileReference; lastKnownFileType = sourcecode.swift; path = CLI.swift; sourceTree = "<group>"; };
		D4119C672244CEDD005909B2 /* FindShaTests.xctest */ = {isa = PBXFileReference; explicitFileType = wrapper.cfbundle; includeInIndex = 0; path = FindShaTests.xctest; sourceTree = BUILT_PRODUCTS_DIR; };
		D4119C6B2244CEDD005909B2 /* Info.plist */ = {isa = PBXFileReference; lastKnownFileType = text.plist.xml; path = Info.plist; sourceTree = "<group>"; };
		D4119C7622452EEA005909B2 /* BridgingHeader.h */ = {isa = PBXFileReference; lastKnownFileType = sourcecode.c.h; path = BridgingHeader.h; sourceTree = "<group>"; };
		D4119C7722452F33005909B2 /* Hash.swift */ = {isa = PBXFileReference; lastKnownFileType = sourcecode.swift; path = Hash.swift; sourceTree = "<group>"; };
		D4119C7A22452F63005909B2 /* NSDataHexString.swift */ = {isa = PBXFileReference; lastKnownFileType = sourcecode.swift; path = NSDataHexString.swift; sourceTree = "<group>"; };
		D4BEE1FA241E3DAF002D85DC /* README.md */ = {isa = PBXFileReference; fileEncoding = 4; lastKnownFileType = net.daringfireball.markdown; path = README.md; sourceTree = "<group>"; };
		D4BEE1FB241E573E002D85DC /* HashTests.swift */ = {isa = PBXFileReference; lastKnownFileType = sourcecode.swift; path = HashTests.swift; sourceTree = "<group>"; };
		D4BEE1FD241E57D4002D85DC /* text-document.pdf */ = {isa = PBXFileReference; lastKnownFileType = image.pdf; path = "text-document.pdf"; sourceTree = "<group>"; };
		D4BEE1FF241E57F3002D85DC /* text-markdown-document.md */ = {isa = PBXFileReference; lastKnownFileType = net.daringfireball.markdown; path = "text-markdown-document.md"; sourceTree = "<group>"; };
		D4BEE201241E5A5D002D85DC /* empty.txt */ = {isa = PBXFileReference; fileEncoding = 4; lastKnownFileType = text; path = empty.txt; sourceTree = "<group>"; };
		D4BEE203241E6203002D85DC /* ArgumentsTests.swift */ = {isa = PBXFileReference; lastKnownFileType = sourcecode.swift; path = ArgumentsTests.swift; sourceTree = "<group>"; };
		D4BEE205241E62EF002D85DC /* ArrayElementAfterTests.swift */ = {isa = PBXFileReference; lastKnownFileType = sourcecode.swift; path = ArrayElementAfterTests.swift; sourceTree = "<group>"; };
		D4F0A1032449E4B0004228A1 /* Issues.md */ = {isa = PBXFileReference; lastKnownFileType = net.daringfireball.markdown; path = Issues.md; sourceTree = "<group>"; };
/* End PBXFileReference section */

/* Begin PBXFrameworksBuildPhase section */
		D4119C432244CCA7005909B2 /* Frameworks */ = {
			isa = PBXFrameworksBuildPhase;
			buildActionMask = 2147483647;
			files = (
			);
			runOnlyForDeploymentPostprocessing = 0;
		};
		D4119C642244CEDD005909B2 /* Frameworks */ = {
			isa = PBXFrameworksBuildPhase;
			buildActionMask = 2147483647;
			files = (
			);
			runOnlyForDeploymentPostprocessing = 0;
		};
/* End PBXFrameworksBuildPhase section */

/* Begin PBXGroup section */
		D4119C3D2244CCA7005909B2 = {
			isa = PBXGroup;
			children = (
				D4F0A1032449E4B0004228A1 /* Issues.md */,
				D4BEE1FA241E3DAF002D85DC /* README.md */,
				D4119C482244CCA7005909B2 /* FindSha */,
				D4119C682244CEDD005909B2 /* FindShaTests */,
				D4119C472244CCA7005909B2 /* Products */,
			);
			sourceTree = "<group>";
		};
		D4119C472244CCA7005909B2 /* Products */ = {
			isa = PBXGroup;
			children = (
				D4119C462244CCA7005909B2 /* FindSha */,
				D4119C672244CEDD005909B2 /* FindShaTests.xctest */,
			);
			name = Products;
			sourceTree = "<group>";
		};
		D4119C482244CCA7005909B2 /* FindSha */ = {
			isa = PBXGroup;
			children = (
				D4119C522244CD44005909B2 /* Extensions */,
				D4119C492244CCA7005909B2 /* main.swift */,
				D4119C502244CCF2005909B2 /* Arguments.swift */,
				D4119C552244CD97005909B2 /* CLI.swift */,
				D4119C7622452EEA005909B2 /* BridgingHeader.h */,
				D4119C7722452F33005909B2 /* Hash.swift */,
			);
			path = FindSha;
			sourceTree = "<group>";
		};
		D4119C522244CD44005909B2 /* Extensions */ = {
			isa = PBXGroup;
			children = (
				D4119C532244CD55005909B2 /* ArrayElementAfterExtension.swift */,
				D4119C7A22452F63005909B2 /* NSDataHexString.swift */,
			);
			path = Extensions;
			sourceTree = "<group>";
		};
		D4119C682244CEDD005909B2 /* FindShaTests */ = {
			isa = PBXGroup;
			children = (
				D4BEE201241E5A5D002D85DC /* empty.txt */,
				D4BEE1FD241E57D4002D85DC /* text-document.pdf */,
				D4119C6B2244CEDD005909B2 /* Info.plist */,
				D4BEE1FB241E573E002D85DC /* HashTests.swift */,
				D4BEE1FF241E57F3002D85DC /* text-markdown-document.md */,
				D4BEE203241E6203002D85DC /* ArgumentsTests.swift */,
				D4BEE205241E62EF002D85DC /* ArrayElementAfterTests.swift */,
			);
			path = FindShaTests;
			sourceTree = "<group>";
		};
/* End PBXGroup section */

/* Begin PBXNativeTarget section */
		D4119C452244CCA7005909B2 /* FindSha */ = {
			isa = PBXNativeTarget;
			buildConfigurationList = D4119C4D2244CCA7005909B2 /* Build configuration list for PBXNativeTarget "FindSha" */;
			buildPhases = (
				D4119C422244CCA7005909B2 /* Sources */,
				D4119C432244CCA7005909B2 /* Frameworks */,
				D4119C442244CCA7005909B2 /* CopyFiles */,
			);
			buildRules = (
			);
			dependencies = (
			);
			name = FindSha;
			productName = FindSha;
			productReference = D4119C462244CCA7005909B2 /* FindSha */;
			productType = "com.apple.product-type.tool";
		};
		D4119C662244CEDD005909B2 /* FindShaTests */ = {
			isa = PBXNativeTarget;
			buildConfigurationList = D4119C6C2244CEDD005909B2 /* Build configuration list for PBXNativeTarget "FindShaTests" */;
			buildPhases = (
				D4119C632244CEDD005909B2 /* Sources */,
				D4119C642244CEDD005909B2 /* Frameworks */,
				D4119C652244CEDD005909B2 /* Resources */,
			);
			buildRules = (
			);
			dependencies = (
			);
			name = FindShaTests;
			productName = FindShaTests;
			productReference = D4119C672244CEDD005909B2 /* FindShaTests.xctest */;
			productType = "com.apple.product-type.bundle.unit-test";
		};
/* End PBXNativeTarget section */

/* Begin PBXProject section */
		D4119C3E2244CCA7005909B2 /* Project object */ = {
			isa = PBXProject;
			attributes = {
				LastSwiftUpdateCheck = 1010;
				LastUpgradeCheck = 1130;
				ORGANIZATIONNAME = "Robert Atherton";
				TargetAttributes = {
					D4119C452244CCA7005909B2 = {
						CreatedOnToolsVersion = 10.1;
						LastSwiftMigration = 1130;
					};
					D4119C662244CEDD005909B2 = {
						CreatedOnToolsVersion = 10.1;
						LastSwiftMigration = 1130;
					};
				};
			};
			buildConfigurationList = D4119C412244CCA7005909B2 /* Build configuration list for PBXProject "FindSha" */;
			compatibilityVersion = "Xcode 9.3";
			developmentRegion = en;
			hasScannedForEncodings = 0;
			knownRegions = (
				en,
				Base,
			);
			mainGroup = D4119C3D2244CCA7005909B2;
			productRefGroup = D4119C472244CCA7005909B2 /* Products */;
			projectDirPath = "";
			projectRoot = "";
			targets = (
				D4119C452244CCA7005909B2 /* FindSha */,
				D4119C662244CEDD005909B2 /* FindShaTests */,
			);
		};
/* End PBXProject section */

/* Begin PBXResourcesBuildPhase section */
		D4119C652244CEDD005909B2 /* Resources */ = {
			isa = PBXResourcesBuildPhase;
			buildActionMask = 2147483647;
			files = (
				D4BEE1FE241E57D4002D85DC /* text-document.pdf in Resources */,
				D4BEE200241E57F3002D85DC /* text-markdown-document.md in Resources */,
				D4BEE202241E5A5D002D85DC /* empty.txt in Resources */,
			);
			runOnlyForDeploymentPostprocessing = 0;
		};
/* End PBXResourcesBuildPhase section */

/* Begin PBXSourcesBuildPhase section */
		D4119C422244CCA7005909B2 /* Sources */ = {
			isa = PBXSourcesBuildPhase;
			buildActionMask = 2147483647;
			files = (
				D4119C7822452F33005909B2 /* Hash.swift in Sources */,
				D4119C562244CD97005909B2 /* CLI.swift in Sources */,
				D4119C512244CCF2005909B2 /* Arguments.swift in Sources */,
				D4119C4A2244CCA7005909B2 /* main.swift in Sources */,
				D4119C542244CD55005909B2 /* ArrayElementAfterExtension.swift in Sources */,
				D4119C7B22452F63005909B2 /* NSDataHexString.swift in Sources */,
			);
			runOnlyForDeploymentPostprocessing = 0;
		};
		D4119C632244CEDD005909B2 /* Sources */ = {
			isa = PBXSourcesBuildPhase;
			buildActionMask = 2147483647;
			files = (
				D4119C712244CF17005909B2 /* Arguments.swift in Sources */,
				D4BEE206241E62EF002D85DC /* ArrayElementAfterTests.swift in Sources */,
				D4119C6F2244CF12005909B2 /* main.swift in Sources */,
				D4119C702244CF15005909B2 /* CLI.swift in Sources */,
				D4119C722244CF1A005909B2 /* ArrayElementAfterExtension.swift in Sources */,
				D4BEE1FC241E573E002D85DC /* HashTests.swift in Sources */,
				D4119C7922452F33005909B2 /* Hash.swift in Sources */,
				D4BEE204241E6203002D85DC /* ArgumentsTests.swift in Sources */,
				D4119C7C22452F63005909B2 /* NSDataHexString.swift in Sources */,
			);
			runOnlyForDeploymentPostprocessing = 0;
		};
/* End PBXSourcesBuildPhase section */

/* Begin XCBuildConfiguration section */
		D4119C4B2244CCA7005909B2 /* Debug */ = {
			isa = XCBuildConfiguration;
			buildSettings = {
				ALWAYS_SEARCH_USER_PATHS = NO;
				CLANG_ANALYZER_NONNULL = YES;
				CLANG_ANALYZER_NUMBER_OBJECT_CONVERSION = YES_AGGRESSIVE;
				CLANG_CXX_LANGUAGE_STANDARD = "gnu++14";
				CLANG_CXX_LIBRARY = "libc++";
				CLANG_ENABLE_MODULES = YES;
				CLANG_ENABLE_OBJC_ARC = YES;
				CLANG_ENABLE_OBJC_WEAK = YES;
				CLANG_WARN_BLOCK_CAPTURE_AUTORELEASING = YES;
				CLANG_WARN_BOOL_CONVERSION = YES;
				CLANG_WARN_COMMA = YES;
				CLANG_WARN_CONSTANT_CONVERSION = YES;
				CLANG_WARN_DEPRECATED_OBJC_IMPLEMENTATIONS = YES;
				CLANG_WARN_DIRECT_OBJC_ISA_USAGE = YES_ERROR;
				CLANG_WARN_DOCUMENTATION_COMMENTS = YES;
				CLANG_WARN_EMPTY_BODY = YES;
				CLANG_WARN_ENUM_CONVERSION = YES;
				CLANG_WARN_INFINITE_RECURSION = YES;
				CLANG_WARN_INT_CONVERSION = YES;
				CLANG_WARN_NON_LITERAL_NULL_CONVERSION = YES;
				CLANG_WARN_OBJC_IMPLICIT_RETAIN_SELF = YES;
				CLANG_WARN_OBJC_LITERAL_CONVERSION = YES;
				CLANG_WARN_OBJC_ROOT_CLASS = YES_ERROR;
				CLANG_WARN_RANGE_LOOP_ANALYSIS = YES;
				CLANG_WARN_STRICT_PROTOTYPES = YES;
				CLANG_WARN_SUSPICIOUS_MOVE = YES;
				CLANG_WARN_UNGUARDED_AVAILABILITY = YES_AGGRESSIVE;
				CLANG_WARN_UNREACHABLE_CODE = YES;
				CLANG_WARN__DUPLICATE_METHOD_MATCH = YES;
				CODE_SIGN_IDENTITY = "Mac Developer";
				COPY_PHASE_STRIP = NO;
				DEBUG_INFORMATION_FORMAT = dwarf;
				ENABLE_STRICT_OBJC_MSGSEND = YES;
				ENABLE_TESTABILITY = YES;
				GCC_C_LANGUAGE_STANDARD = gnu11;
				GCC_DYNAMIC_NO_PIC = NO;
				GCC_NO_COMMON_BLOCKS = YES;
				GCC_OPTIMIZATION_LEVEL = 0;
				GCC_PREPROCESSOR_DEFINITIONS = (
					"DEBUG=1",
					"$(inherited)",
				);
				GCC_WARN_64_TO_32_BIT_CONVERSION = YES;
				GCC_WARN_ABOUT_RETURN_TYPE = YES_ERROR;
				GCC_WARN_UNDECLARED_SELECTOR = YES;
				GCC_WARN_UNINITIALIZED_AUTOS = YES_AGGRESSIVE;
				GCC_WARN_UNUSED_FUNCTION = YES;
				GCC_WARN_UNUSED_VARIABLE = YES;
				MACOSX_DEPLOYMENT_TARGET = 10.14;
				MTL_ENABLE_DEBUG_INFO = INCLUDE_SOURCE;
				MTL_FAST_MATH = YES;
				ONLY_ACTIVE_ARCH = YES;
				SDKROOT = macosx;
				SWIFT_ACTIVE_COMPILATION_CONDITIONS = DEBUG;
				SWIFT_OPTIMIZATION_LEVEL = "-Onone";
			};
			name = Debug;
		};
		D4119C4C2244CCA7005909B2 /* Release */ = {
			isa = XCBuildConfiguration;
			buildSettings = {
				ALWAYS_SEARCH_USER_PATHS = NO;
				CLANG_ANALYZER_NONNULL = YES;
				CLANG_ANALYZER_NUMBER_OBJECT_CONVERSION = YES_AGGRESSIVE;
				CLANG_CXX_LANGUAGE_STANDARD = "gnu++14";
				CLANG_CXX_LIBRARY = "libc++";
				CLANG_ENABLE_MODULES = YES;
				CLANG_ENABLE_OBJC_ARC = YES;
				CLANG_ENABLE_OBJC_WEAK = YES;
				CLANG_WARN_BLOCK_CAPTURE_AUTORELEASING = YES;
				CLANG_WARN_BOOL_CONVERSION = YES;
				CLANG_WARN_COMMA = YES;
				CLANG_WARN_CONSTANT_CONVERSION = YES;
				CLANG_WARN_DEPRECATED_OBJC_IMPLEMENTATIONS = YES;
				CLANG_WARN_DIRECT_OBJC_ISA_USAGE = YES_ERROR;
				CLANG_WARN_DOCUMENTATION_COMMENTS = YES;
				CLANG_WARN_EMPTY_BODY = YES;
				CLANG_WARN_ENUM_CONVERSION = YES;
				CLANG_WARN_INFINITE_RECURSION = YES;
				CLANG_WARN_INT_CONVERSION = YES;
				CLANG_WARN_NON_LITERAL_NULL_CONVERSION = YES;
				CLANG_WARN_OBJC_IMPLICIT_RETAIN_SELF = YES;
				CLANG_WARN_OBJC_LITERAL_CONVERSION = YES;
				CLANG_WARN_OBJC_ROOT_CLASS = YES_ERROR;
				CLANG_WARN_RANGE_LOOP_ANALYSIS = YES;
				CLANG_WARN_STRICT_PROTOTYPES = YES;
				CLANG_WARN_SUSPICIOUS_MOVE = YES;
				CLANG_WARN_UNGUARDED_AVAILABILITY = YES_AGGRESSIVE;
				CLANG_WARN_UNREACHABLE_CODE = YES;
				CLANG_WARN__DUPLICATE_METHOD_MATCH = YES;
				CODE_SIGN_IDENTITY = "Mac Developer";
				COPY_PHASE_STRIP = NO;
				DEBUG_INFORMATION_FORMAT = "dwarf-with-dsym";
				ENABLE_NS_ASSERTIONS = NO;
				ENABLE_STRICT_OBJC_MSGSEND = YES;
				GCC_C_LANGUAGE_STANDARD = gnu11;
				GCC_NO_COMMON_BLOCKS = YES;
				GCC_WARN_64_TO_32_BIT_CONVERSION = YES;
				GCC_WARN_ABOUT_RETURN_TYPE = YES_ERROR;
				GCC_WARN_UNDECLARED_SELECTOR = YES;
				GCC_WARN_UNINITIALIZED_AUTOS = YES_AGGRESSIVE;
				GCC_WARN_UNUSED_FUNCTION = YES;
				GCC_WARN_UNUSED_VARIABLE = YES;
				MACOSX_DEPLOYMENT_TARGET = 10.14;
				MTL_ENABLE_DEBUG_INFO = NO;
				MTL_FAST_MATH = YES;
				SDKROOT = macosx;
				SWIFT_COMPILATION_MODE = wholemodule;
				SWIFT_OPTIMIZATION_LEVEL = "-O";
			};
			name = Release;
		};
		D4119C4E2244CCA7005909B2 /* Debug */ = {
			isa = XCBuildConfiguration;
			buildSettings = {
				CODE_SIGN_IDENTITY = "-";
				CODE_SIGN_STYLE = Manual;
				DEVELOPMENT_TEAM = "";
				PRODUCT_NAME = "$(TARGET_NAME)";
				PROVISIONING_PROFILE_SPECIFIER = "";
				SWIFT_OBJC_BRIDGING_HEADER = FindSha/BridgingHeader.h;
				SWIFT_VERSION = 5.0;
			};
			name = Debug;
		};
		D4119C4F2244CCA7005909B2 /* Release */ = {
			isa = XCBuildConfiguration;
			buildSettings = {
				CODE_SIGN_IDENTITY = "-";
				CODE_SIGN_STYLE = Manual;
				DEVELOPMENT_TEAM = "";
				PRODUCT_NAME = "$(TARGET_NAME)";
				PROVISIONING_PROFILE_SPECIFIER = "";
				SWIFT_OBJC_BRIDGING_HEADER = FindSha/BridgingHeader.h;
				SWIFT_VERSION = 5.0;
			};
			name = Release;
		};
		D4119C6D2244CEDD005909B2 /* Debug */ = {
			isa = XCBuildConfiguration;
			buildSettings = {
				CODE_SIGN_STYLE = Automatic;
				COMBINE_HIDPI_IMAGES = YES;
				DEVELOPMENT_TEAM = LR9W9X55VW;
				INFOPLIST_FILE = FindShaTests/Info.plist;
				LD_RUNPATH_SEARCH_PATHS = (
					"$(inherited)",
					"@executable_path/../Frameworks",
					"@loader_path/../Frameworks",
				);
				PRODUCT_BUNDLE_IDENTIFIER = rocks.rase.FindShaTests;
				PRODUCT_NAME = "$(TARGET_NAME)";
				SWIFT_OBJC_BRIDGING_HEADER = FindSha/BridgingHeader.h;
				SWIFT_VERSION = 5.0;
			};
			name = Debug;
		};
		D4119C6E2244CEDD005909B2 /* Release */ = {
			isa = XCBuildConfiguration;
			buildSettings = {
				CODE_SIGN_STYLE = Automatic;
				COMBINE_HIDPI_IMAGES = YES;
				DEVELOPMENT_TEAM = LR9W9X55VW;
				INFOPLIST_FILE = FindShaTests/Info.plist;
				LD_RUNPATH_SEARCH_PATHS = (
					"$(inherited)",
					"@executable_path/../Frameworks",
					"@loader_path/../Frameworks",
				);
				PRODUCT_BUNDLE_IDENTIFIER = rocks.rase.FindShaTests;
				PRODUCT_NAME = "$(TARGET_NAME)";
				SWIFT_OBJC_BRIDGING_HEADER = FindSha/BridgingHeader.h;
				SWIFT_VERSION = 5.0;
			};
			name = Release;
		};
/* End XCBuildConfiguration section */

/* Begin XCConfigurationList section */
		D4119C412244CCA7005909B2 /* Build configuration list for PBXProject "FindSha" */ = {
			isa = XCConfigurationList;
			buildConfigurations = (
				D4119C4B2244CCA7005909B2 /* Debug */,
				D4119C4C2244CCA7005909B2 /* Release */,
			);
			defaultConfigurationIsVisible = 0;
			defaultConfigurationName = Release;
		};
		D4119C4D2244CCA7005909B2 /* Build configuration list for PBXNativeTarget "FindSha" */ = {
			isa = XCConfigurationList;
			buildConfigurations = (
				D4119C4E2244CCA7005909B2 /* Debug */,
				D4119C4F2244CCA7005909B2 /* Release */,
			);
			defaultConfigurationIsVisible = 0;
			defaultConfigurationName = Release;
		};
		D4119C6C2244CEDD005909B2 /* Build configuration list for PBXNativeTarget "FindShaTests" */ = {
			isa = XCConfigurationList;
			buildConfigurations = (
				D4119C6D2244CEDD005909B2 /* Debug */,
				D4119C6E2244CEDD005909B2 /* Release */,
			);
			defaultConfigurationIsVisible = 0;
			defaultConfigurationName = Release;
		};
/* End XCConfigurationList section */
	};
	rootObject = D4119C3E2244CCA7005909B2 /* Project object */;
}
